// !$*UTF8*$!
{
	archiveVersion = 1;
	classes = {
	};
	objectVersion = 46;
	objects = {

/* Begin PBXBuildFile section */
		3B3C44241DA6091200A64D7D /* Processor.swift in Sources */ = {isa = PBXBuildFile; fileRef = 3B3C44231DA6091200A64D7D /* Processor.swift */; };
		3BB0AF921DAF37EF003A9335 /* CreditsViewController.swift in Sources */ = {isa = PBXBuildFile; fileRef = 3BB0AF911DAF37EF003A9335 /* CreditsViewController.swift */; };
		3BB0AF941DAF3815003A9335 /* HistoryViewController.swift in Sources */ = {isa = PBXBuildFile; fileRef = 3BB0AF931DAF3815003A9335 /* HistoryViewController.swift */; };
		3BB0AF961DAF3825003A9335 /* SettingsViewController.swift in Sources */ = {isa = PBXBuildFile; fileRef = 3BB0AF951DAF3825003A9335 /* SettingsViewController.swift */; };
		3BB0AF981DAF3C4F003A9335 /* MyBaseViewController.swift in Sources */ = {isa = PBXBuildFile; fileRef = 3BB0AF971DAF3C4F003A9335 /* MyBaseViewController.swift */; };
		658C49441D9CB632007C51CE /* AppDelegate.swift in Sources */ = {isa = PBXBuildFile; fileRef = 658C49431D9CB632007C51CE /* AppDelegate.swift */; };
		658C49491D9CB632007C51CE /* Main.storyboard in Resources */ = {isa = PBXBuildFile; fileRef = 658C49471D9CB632007C51CE /* Main.storyboard */; };
		658C494B1D9CB632007C51CE /* Assets.xcassets in Resources */ = {isa = PBXBuildFile; fileRef = 658C494A1D9CB632007C51CE /* Assets.xcassets */; };
		658C494E1D9CB632007C51CE /* LaunchScreen.storyboard in Resources */ = {isa = PBXBuildFile; fileRef = 658C494C1D9CB632007C51CE /* LaunchScreen.storyboard */; };
		658C49571D9CB7C0007C51CE /* CalculatorViewController.swift in Sources */ = {isa = PBXBuildFile; fileRef = 658C49561D9CB7C0007C51CE /* CalculatorViewController.swift */; };
/* End PBXBuildFile section */

/* Begin PBXFileReference section */
		3B3C44231DA6091200A64D7D /* Processor.swift */ = {isa = PBXFileReference; fileEncoding = 4; lastKnownFileType = sourcecode.swift; path = Processor.swift; sourceTree = "<group>"; };
		3BB0AF911DAF37EF003A9335 /* CreditsViewController.swift */ = {isa = PBXFileReference; fileEncoding = 4; lastKnownFileType = sourcecode.swift; path = CreditsViewController.swift; sourceTree = "<group>"; };
		3BB0AF931DAF3815003A9335 /* HistoryViewController.swift */ = {isa = PBXFileReference; fileEncoding = 4; lastKnownFileType = sourcecode.swift; path = HistoryViewController.swift; sourceTree = "<group>"; };
		3BB0AF951DAF3825003A9335 /* SettingsViewController.swift */ = {isa = PBXFileReference; fileEncoding = 4; lastKnownFileType = sourcecode.swift; path = SettingsViewController.swift; sourceTree = "<group>"; };
		3BB0AF971DAF3C4F003A9335 /* MyBaseViewController.swift */ = {isa = PBXFileReference; fileEncoding = 4; lastKnownFileType = sourcecode.swift; path = MyBaseViewController.swift; sourceTree = "<group>"; };
		658C49401D9CB632007C51CE /* Calculator.app */ = {isa = PBXFileReference; explicitFileType = wrapper.application; includeInIndex = 0; path = Calculator.app; sourceTree = BUILT_PRODUCTS_DIR; };
		658C49431D9CB632007C51CE /* AppDelegate.swift */ = {isa = PBXFileReference; lastKnownFileType = sourcecode.swift; path = AppDelegate.swift; sourceTree = "<group>"; };
		658C49481D9CB632007C51CE /* Base */ = {isa = PBXFileReference; lastKnownFileType = file.storyboard; name = Base; path = Base.lproj/Main.storyboard; sourceTree = "<group>"; };
		658C494A1D9CB632007C51CE /* Assets.xcassets */ = {isa = PBXFileReference; lastKnownFileType = folder.assetcatalog; path = Assets.xcassets; sourceTree = "<group>"; };
		658C494D1D9CB632007C51CE /* Base */ = {isa = PBXFileReference; lastKnownFileType = file.storyboard; name = Base; path = Base.lproj/LaunchScreen.storyboard; sourceTree = "<group>"; };
		658C494F1D9CB632007C51CE /* Info.plist */ = {isa = PBXFileReference; lastKnownFileType = text.plist.xml; path = Info.plist; sourceTree = "<group>"; };
		658C49561D9CB7C0007C51CE /* CalculatorViewController.swift */ = {isa = PBXFileReference; fileEncoding = 4; lastKnownFileType = sourcecode.swift; path = CalculatorViewController.swift; sourceTree = "<group>"; };
/* End PBXFileReference section */

/* Begin PBXFrameworksBuildPhase section */
		658C493D1D9CB632007C51CE /* Frameworks */ = {
			isa = PBXFrameworksBuildPhase;
			buildActionMask = 2147483647;
			files = (
			);
			runOnlyForDeploymentPostprocessing = 0;
		};
/* End PBXFrameworksBuildPhase section */

/* Begin PBXGroup section */
		658C49371D9CB632007C51CE = {
			isa = PBXGroup;
			children = (
				658C49421D9CB632007C51CE /* Calculator */,
				658C49411D9CB632007C51CE /* Products */,
			);
			sourceTree = "<group>";
		};
		658C49411D9CB632007C51CE /* Products */ = {
			isa = PBXGroup;
			children = (
				658C49401D9CB632007C51CE /* Calculator.app */,
			);
			name = Products;
			sourceTree = "<group>";
		};
		658C49421D9CB632007C51CE /* Calculator */ = {
			isa = PBXGroup;
			children = (
				658C49431D9CB632007C51CE /* AppDelegate.swift */,
				658C49471D9CB632007C51CE /* Main.storyboard */,
				658C49551D9CB754007C51CE /* Supporting Files */,
				658C49561D9CB7C0007C51CE /* CalculatorViewController.swift */,
				3B3C44231DA6091200A64D7D /* Processor.swift */,
				3BB0AF911DAF37EF003A9335 /* CreditsViewController.swift */,
				3BB0AF931DAF3815003A9335 /* HistoryViewController.swift */,
				3BB0AF951DAF3825003A9335 /* SettingsViewController.swift */,
				3BB0AF971DAF3C4F003A9335 /* MyBaseViewController.swift */,
			);
			path = Calculator;
			sourceTree = "<group>";
		};
		658C49551D9CB754007C51CE /* Supporting Files */ = {
			isa = PBXGroup;
			children = (
				658C494A1D9CB632007C51CE /* Assets.xcassets */,
				658C494C1D9CB632007C51CE /* LaunchScreen.storyboard */,
				658C494F1D9CB632007C51CE /* Info.plist */,
			);
			name = "Supporting Files";
			sourceTree = "<group>";
		};
/* End PBXGroup section */

/* Begin PBXNativeTarget section */
		658C493F1D9CB632007C51CE /* Calculator */ = {
			isa = PBXNativeTarget;
			buildConfigurationList = 658C49521D9CB632007C51CE /* Build configuration list for PBXNativeTarget "Calculator" */;
			buildPhases = (
				658C493C1D9CB632007C51CE /* Sources */,
				658C493D1D9CB632007C51CE /* Frameworks */,
				658C493E1D9CB632007C51CE /* Resources */,
			);
			buildRules = (
			);
			dependencies = (
			);
			name = Calculator;
			productName = Calculator;
			productReference = 658C49401D9CB632007C51CE /* Calculator.app */;
			productType = "com.apple.product-type.application";
		};
/* End PBXNativeTarget section */

/* Begin PBXProject section */
		658C49381D9CB632007C51CE /* Project object */ = {
			isa = PBXProject;
			attributes = {
				LastSwiftUpdateCheck = 0730;
				LastUpgradeCheck = 0800;
				ORGANIZATIONNAME = "Academy of Arts";
				TargetAttributes = {
					658C493F1D9CB632007C51CE = {
						CreatedOnToolsVersion = 7.3.1;
						DevelopmentTeam = 23WJJ554WC;
						LastSwiftMigration = 0800;
					};
				};
			};
			buildConfigurationList = 658C493B1D9CB632007C51CE /* Build configuration list for PBXProject "Calculator" */;
			compatibilityVersion = "Xcode 3.2";
			developmentRegion = English;
			hasScannedForEncodings = 0;
			knownRegions = (
				en,
				Base,
			);
			mainGroup = 658C49371D9CB632007C51CE;
			productRefGroup = 658C49411D9CB632007C51CE /* Products */;
			projectDirPath = "";
			projectRoot = "";
			targets = (
				658C493F1D9CB632007C51CE /* Calculator */,
			);
		};
/* End PBXProject section */

/* Begin PBXResourcesBuildPhase section */
		658C493E1D9CB632007C51CE /* Resources */ = {
			isa = PBXResourcesBuildPhase;
			buildActionMask = 2147483647;
			files = (
				658C494E1D9CB632007C51CE /* LaunchScreen.storyboard in Resources */,
				658C494B1D9CB632007C51CE /* Assets.xcassets in Resources */,
				658C49491D9CB632007C51CE /* Main.storyboard in Resources */,
			);
			runOnlyForDeploymentPostprocessing = 0;
		};
/* End PBXResourcesBuildPhase section */

/* Begin PBXSourcesBuildPhase section */
		658C493C1D9CB632007C51CE /* Sources */ = {
			isa = PBXSourcesBuildPhase;
			buildActionMask = 2147483647;
			files = (
				3B3C44241DA6091200A64D7D /* Processor.swift in Sources */,
				658C49571D9CB7C0007C51CE /* CalculatorViewController.swift in Sources */,
				658C49441D9CB632007C51CE /* AppDelegate.swift in Sources */,
				3BB0AF981DAF3C4F003A9335 /* MyBaseViewController.swift in Sources */,
				3BB0AF941DAF3815003A9335 /* HistoryViewController.swift in Sources */,
				3BB0AF921DAF37EF003A9335 /* CreditsViewController.swift in Sources */,
				3BB0AF961DAF3825003A9335 /* SettingsViewController.swift in Sources */,
			);
			runOnlyForDeploymentPostprocessing = 0;
		};
/* End PBXSourcesBuildPhase section */

/* Begin PBXVariantGroup section */
		658C49471D9CB632007C51CE /* Main.storyboard */ = {
			isa = PBXVariantGroup;
			children = (
				658C49481D9CB632007C51CE /* Base */,
			);
			name = Main.storyboard;
			sourceTree = "<group>";
		};
		658C494C1D9CB632007C51CE /* LaunchScreen.storyboard */ = {
			isa = PBXVariantGroup;
			children = (
				658C494D1D9CB632007C51CE /* Base */,
			);
			name = LaunchScreen.storyboard;
			sourceTree = "<group>";
		};
/* End PBXVariantGroup section */

/* Begin XCBuildConfiguration section */
		658C49501D9CB632007C51CE /* Debug */ = {
			isa = XCBuildConfiguration;
			buildSettings = {
				ALWAYS_SEARCH_USER_PATHS = NO;
				CLANG_ANALYZER_NONNULL = YES;
				CLANG_CXX_LANGUAGE_STANDARD = "gnu++0x";
				CLANG_CXX_LIBRARY = "libc++";
				CLANG_ENABLE_MODULES = YES;
				CLANG_ENABLE_OBJC_ARC = YES;
				CLANG_WARN_BOOL_CONVERSION = YES;
				CLANG_WARN_CONSTANT_CONVERSION = YES;
				CLANG_WARN_DIRECT_OBJC_ISA_USAGE = YES_ERROR;
				CLANG_WARN_EMPTY_BODY = YES;
				CLANG_WARN_ENUM_CONVERSION = YES;
				CLANG_WARN_INFINITE_RECURSION = YES;
				CLANG_WARN_INT_CONVERSION = YES;
				CLANG_WARN_OBJC_ROOT_CLASS = YES_ERROR;
				CLANG_WARN_SUSPICIOUS_MOVE = YES;
				CLANG_WARN_UNREACHABLE_CODE = YES;
				CLANG_WARN__DUPLICATE_METHOD_MATCH = YES;
				"CODE_SIGN_IDENTITY[sdk=iphoneos*]" = "iPhone Developer";
				COPY_PHASE_STRIP = NO;
				DEBUG_INFORMATION_FORMAT = dwarf;
				ENABLE_STRICT_OBJC_MSGSEND = YES;
				ENABLE_TESTABILITY = YES;
				GCC_C_LANGUAGE_STANDARD = gnu99;
				GCC_DYNAMIC_NO_PIC = NO;
				GCC_NO_COMMON_BLOCKS = YES;
				GCC_OPTIMIZATION_LEVEL = 0;
				GCC_PREPROCESSOR_DEFINITIONS = (
					"DEBUG=1",
					"$(inherited)",
				);
				GCC_WARN_64_TO_32_BIT_CONVERSION = YES;
				GCC_WARN_ABOUT_RETURN_TYPE = YES_ERROR;
				GCC_WARN_UNDECLARED_SELECTOR = YES;
				GCC_WARN_UNINITIALIZED_AUTOS = YES_AGGRESSIVE;
				GCC_WARN_UNUSED_FUNCTION = YES;
				GCC_WARN_UNUSED_VARIABLE = YES;
				IPHONEOS_DEPLOYMENT_TARGET = 9.3;
				MTL_ENABLE_DEBUG_INFO = YES;
				ONLY_ACTIVE_ARCH = YES;
				SDKROOT = iphoneos;
				SWIFT_OPTIMIZATION_LEVEL = "-Onone";
				TARGETED_DEVICE_FAMILY = "1,2";
			};
			name = Debug;
		};
		658C49511D9CB632007C51CE /* Release */ = {
			isa = XCBuildConfiguration;
			buildSettings = {
				ALWAYS_SEARCH_USER_PATHS = NO;
				CLANG_ANALYZER_NONNULL = YES;
				CLANG_CXX_LANGUAGE_STANDARD = "gnu++0x";
				CLANG_CXX_LIBRARY = "libc++";
				CLANG_ENABLE_MODULES = YES;
				CLANG_ENABLE_OBJC_ARC = YES;
				CLANG_WARN_BOOL_CONVERSION = YES;
				CLANG_WARN_CONSTANT_CONVERSION = YES;
				CLANG_WARN_DIRECT_OBJC_ISA_USAGE = YES_ERROR;
				CLANG_WARN_EMPTY_BODY = YES;
				CLANG_WARN_ENUM_CONVERSION = YES;
				CLANG_WARN_INFINITE_RECURSION = YES;
				CLANG_WARN_INT_CONVERSION = YES;
				CLANG_WARN_OBJC_ROOT_CLASS = YES_ERROR;
				CLANG_WARN_SUSPICIOUS_MOVE = YES;
				CLANG_WARN_UNREACHABLE_CODE = YES;
				CLANG_WARN__DUPLICATE_METHOD_MATCH = YES;
				"CODE_SIGN_IDENTITY[sdk=iphoneos*]" = "iPhone Developer";
				COPY_PHASE_STRIP = NO;
				DEBUG_INFORMATION_FORMAT = "dwarf-with-dsym";
				ENABLE_NS_ASSERTIONS = NO;
				ENABLE_STRICT_OBJC_MSGSEND = YES;
				GCC_C_LANGUAGE_STANDARD = gnu99;
				GCC_NO_COMMON_BLOCKS = YES;
				GCC_WARN_64_TO_32_BIT_CONVERSION = YES;
				GCC_WARN_ABOUT_RETURN_TYPE = YES_ERROR;
				GCC_WARN_UNDECLARED_SELECTOR = YES;
				GCC_WARN_UNINITIALIZED_AUTOS = YES_AGGRESSIVE;
				GCC_WARN_UNUSED_FUNCTION = YES;
				GCC_WARN_UNUSED_VARIABLE = YES;
				IPHONEOS_DEPLOYMENT_TARGET = 9.3;
				MTL_ENABLE_DEBUG_INFO = NO;
				SDKROOT = iphoneos;
				SWIFT_OPTIMIZATION_LEVEL = "-Owholemodule";
				TARGETED_DEVICE_FAMILY = "1,2";
				VALIDATE_PRODUCT = YES;
			};
			name = Release;
		};
		658C49531D9CB632007C51CE /* Debug */ = {
			isa = XCBuildConfiguration;
			buildSettings = {
				ASSETCATALOG_COMPILER_APPICON_NAME = AppIcon;
				DEVELOPMENT_TEAM = 23WJJ554WC;
				INFOPLIST_FILE = Calculator/Info.plist;
				LD_RUNPATH_SEARCH_PATHS = "$(inherited) @executable_path/Frameworks";
				PRODUCT_BUNDLE_IDENTIFIER = edu.academyart.Calculator;
				PRODUCT_NAME = "$(TARGET_NAME)";
				SWIFT_VERSION = 3.0;
			};
			name = Debug;
		};
		658C49541D9CB632007C51CE /* Release */ = {
			isa = XCBuildConfiguration;
			buildSettings = {
				ASSETCATALOG_COMPILER_APPICON_NAME = AppIcon;
				DEVELOPMENT_TEAM = 23WJJ554WC;
				INFOPLIST_FILE = Calculator/Info.plist;
				LD_RUNPATH_SEARCH_PATHS = "$(inherited) @executable_path/Frameworks";
				PRODUCT_BUNDLE_IDENTIFIER = edu.academyart.Calculator;
				PRODUCT_NAME = "$(TARGET_NAME)";
				SWIFT_VERSION = 3.0;
			};
			name = Release;
		};
/* End XCBuildConfiguration section */

/* Begin XCConfigurationList section */
		658C493B1D9CB632007C51CE /* Build configuration list for PBXProject "Calculator" */ = {
			isa = XCConfigurationList;
			buildConfigurations = (
				658C49501D9CB632007C51CE /* Debug */,
				658C49511D9CB632007C51CE /* Release */,
			);
			defaultConfigurationIsVisible = 0;
			defaultConfigurationName = Release;
		};
		658C49521D9CB632007C51CE /* Build configuration list for PBXNativeTarget "Calculator" */ = {
			isa = XCConfigurationList;
			buildConfigurations = (
				658C49531D9CB632007C51CE /* Debug */,
				658C49541D9CB632007C51CE /* Release */,
			);
			defaultConfigurationIsVisible = 0;
			defaultConfigurationName = Release;
		};
/* End XCConfigurationList section */
	};
	rootObject = 658C49381D9CB632007C51CE /* Project object */;
}
